
Microsoft Visual Studio Solution File, Format Version 12.00
# Visual Studio Version 17
VisualStudioVersion = 17.14.36109.1 d17.14
MinimumVisualStudioVersion = 10.0.40219.1
Project("{FAE04EC0-301F-11D3-BF4B-00C04F79EFBC}") = "Seccion10Ejercicio", "Seccion10Ejercicio\Seccion10Ejercicio.csproj", "{AED228D6-12DE-4513-BAE3-A446E58B9C8B}"
EndProject
Global
	GlobalSection(SolutionConfigurationPlatforms) = preSolution
		Debug|Any CPU = Debug|Any CPU
		Release|Any CPU = Release|Any CPU
	EndGlobalSection
	GlobalSection(ProjectConfigurationPlatforms) = postSolution
		{AED228D6-12DE-4513-BAE3-A446E58B9C8B}.Debug|Any CPU.ActiveCfg = Debug|Any CPU
		{AED228D6-12DE-4513-BAE3-A446E58B9C8B}.Debug|Any CPU.Build.0 = Debug|Any CPU
		{AED228D6-12DE-4513-BAE3-A446E58B9C8B}.Release|Any CPU.ActiveCfg = Release|Any CPU
		{AED228D6-12DE-4513-BAE3-A446E58B9C8B}.Release|Any CPU.Build.0 = Release|Any CPU
	EndGlobalSection
	GlobalSection(SolutionProperties) = preSolution
		HideSolutionNode = FALSE
	EndGlobalSection
	GlobalSection(ExtensibilityGlobals) = postSolution
		SolutionGuid = {B38A1917-DC75-4473-B7BC-C78BD7A93824}
	EndGlobalSection
EndGlobal
