
Microsoft Visual Studio Solution File, Format Version 12.00
# Visual Studio Version 17
VisualStudioVersion = 17.14.36109.1 d17.14
MinimumVisualStudioVersion = 10.0.40219.1
Project("{FAE04EC0-301F-11D3-BF4B-00C04F79EFBC}") = "Seccion10Estructuras", "Seccion10Estructuras\Seccion10Estructuras.csproj", "{F702369A-8B28-444C-8E8A-10A6229B6781}"
EndProject
Global
	GlobalSection(SolutionConfigurationPlatforms) = preSolution
		Debug|Any CPU = Debug|Any CPU
		Release|Any CPU = Release|Any CPU
	EndGlobalSection
	GlobalSection(ProjectConfigurationPlatforms) = postSolution
		{F702369A-8B28-444C-8E8A-10A6229B6781}.Debug|Any CPU.ActiveCfg = Debug|Any CPU
		{F702369A-8B28-444C-8E8A-10A6229B6781}.Debug|Any CPU.Build.0 = Debug|Any CPU
		{F702369A-8B28-444C-8E8A-10A6229B6781}.Release|Any CPU.ActiveCfg = Release|Any CPU
		{F702369A-8B28-444C-8E8A-10A6229B6781}.Release|Any CPU.Build.0 = Release|Any CPU
	EndGlobalSection
	GlobalSection(SolutionProperties) = preSolution
		HideSolutionNode = FALSE
	EndGlobalSection
	GlobalSection(ExtensibilityGlobals) = postSolution
		SolutionGuid = {2BC6A706-55A5-40CC-953E-5791A496E1EC}
	EndGlobalSection
EndGlobal
