
Microsoft Visual Studio Solution File, Format Version 12.00
# Visual Studio Version 17
VisualStudioVersion = 17.14.36109.1 d17.14
MinimumVisualStudioVersion = 10.0.40219.1
Project("{FAE04EC0-301F-11D3-BF4B-00C04F79EFBC}") = "Seccion11Archivos", "Seccion11Archivos\Seccion11Archivos.csproj", "{7C83B81E-FD00-427C-B5CC-BE0F4ED797F3}"
EndProject
Global
	GlobalSection(SolutionConfigurationPlatforms) = preSolution
		Debug|Any CPU = Debug|Any CPU
		Release|Any CPU = Release|Any CPU
	EndGlobalSection
	GlobalSection(ProjectConfigurationPlatforms) = postSolution
		{7C83B81E-FD00-427C-B5CC-BE0F4ED797F3}.Debug|Any CPU.ActiveCfg = Debug|Any CPU
		{7C83B81E-FD00-427C-B5CC-BE0F4ED797F3}.Debug|Any CPU.Build.0 = Debug|Any CPU
		{7C83B81E-FD00-427C-B5CC-BE0F4ED797F3}.Release|Any CPU.ActiveCfg = Release|Any CPU
		{7C83B81E-FD00-427C-B5CC-BE0F4ED797F3}.Release|Any CPU.Build.0 = Release|Any CPU
	EndGlobalSection
	GlobalSection(SolutionProperties) = preSolution
		HideSolutionNode = FALSE
	EndGlobalSection
	GlobalSection(ExtensibilityGlobals) = postSolution
		SolutionGuid = {F2D069A1-F5C5-42EE-B0DE-1ABD8F91AB19}
	EndGlobalSection
EndGlobal
