
Microsoft Visual Studio Solution File, Format Version 12.00
# Visual Studio Version 17
VisualStudioVersion = 17.14.36109.1 d17.14
MinimumVisualStudioVersion = 10.0.40219.1
Project("{FAE04EC0-301F-11D3-BF4B-00C04F79EFBC}") = "tareaDos", "tareaDos\tareaDos.csproj", "{C93BC399-4D74-4B64-96B8-069D4882DDA7}"
EndProject
Global
	GlobalSection(SolutionConfigurationPlatforms) = preSolution
		Debug|Any CPU = Debug|Any CPU
		Release|Any CPU = Release|Any CPU
	EndGlobalSection
	GlobalSection(ProjectConfigurationPlatforms) = postSolution
		{C93BC399-4D74-4B64-96B8-069D4882DDA7}.Debug|Any CPU.ActiveCfg = Debug|Any CPU
		{C93BC399-4D74-4B64-96B8-069D4882DDA7}.Debug|Any CPU.Build.0 = Debug|Any CPU
		{C93BC399-4D74-4B64-96B8-069D4882DDA7}.Release|Any CPU.ActiveCfg = Release|Any CPU
		{C93BC399-4D74-4B64-96B8-069D4882DDA7}.Release|Any CPU.Build.0 = Release|Any CPU
	EndGlobalSection
	GlobalSection(SolutionProperties) = preSolution
		HideSolutionNode = FALSE
	EndGlobalSection
	GlobalSection(ExtensibilityGlobals) = postSolution
		SolutionGuid = {18B02DC1-1132-4E26-8514-CC1B729E3D51}
	EndGlobalSection
EndGlobal
