
Microsoft Visual Studio Solution File, Format Version 12.00
# Visual Studio Version 17
VisualStudioVersion = 17.14.36109.1 d17.14
MinimumVisualStudioVersion = 10.0.40219.1
Project("{FAE04EC0-301F-11D3-BF4B-00C04F79EFBC}") = "Seccion7", "Seccion7\Seccion7.csproj", "{232C3CB8-9455-4A4C-9EEB-29A9F7C4FAD5}"
EndProject
Global
	GlobalSection(SolutionConfigurationPlatforms) = preSolution
		Debug|Any CPU = Debug|Any CPU
		Release|Any CPU = Release|Any CPU
	EndGlobalSection
	GlobalSection(ProjectConfigurationPlatforms) = postSolution
		{232C3CB8-9455-4A4C-9EEB-29A9F7C4FAD5}.Debug|Any CPU.ActiveCfg = Debug|Any CPU
		{232C3CB8-9455-4A4C-9EEB-29A9F7C4FAD5}.Debug|Any CPU.Build.0 = Debug|Any CPU
		{232C3CB8-9455-4A4C-9EEB-29A9F7C4FAD5}.Release|Any CPU.ActiveCfg = Release|Any CPU
		{232C3CB8-9455-4A4C-9EEB-29A9F7C4FAD5}.Release|Any CPU.Build.0 = Release|Any CPU
	EndGlobalSection
	GlobalSection(SolutionProperties) = preSolution
		HideSolutionNode = FALSE
	EndGlobalSection
	GlobalSection(ExtensibilityGlobals) = postSolution
		SolutionGuid = {46F17FF1-33FC-427B-A587-5F9FA9051E3B}
	EndGlobalSection
EndGlobal
