
Microsoft Visual Studio Solution File, Format Version 12.00
# Visual Studio Version 17
VisualStudioVersion = 17.14.36109.1 d17.14
MinimumVisualStudioVersion = 10.0.40219.1
Project("{FAE04EC0-301F-11D3-BF4B-00C04F79EFBC}") = "Hola", "Hola\Hola.csproj", "{DB2B8258-653E-4C3A-9161-34E6C23E3332}"
EndProject
Global
	GlobalSection(SolutionConfigurationPlatforms) = preSolution
		Debug|Any CPU = Debug|Any CPU
		Release|Any CPU = Release|Any CPU
	EndGlobalSection
	GlobalSection(ProjectConfigurationPlatforms) = postSolution
		{DB2B8258-653E-4C3A-9161-34E6C23E3332}.Debug|Any CPU.ActiveCfg = Debug|Any CPU
		{DB2B8258-653E-4C3A-9161-34E6C23E3332}.Debug|Any CPU.Build.0 = Debug|Any CPU
		{DB2B8258-653E-4C3A-9161-34E6C23E3332}.Release|Any CPU.ActiveCfg = Release|Any CPU
		{DB2B8258-653E-4C3A-9161-34E6C23E3332}.Release|Any CPU.Build.0 = Release|Any CPU
	EndGlobalSection
	GlobalSection(SolutionProperties) = preSolution
		HideSolutionNode = FALSE
	EndGlobalSection
	GlobalSection(ExtensibilityGlobals) = postSolution
		SolutionGuid = {0153C6F6-6A03-481A-AEBB-71C72A1A0A7B}
	EndGlobalSection
EndGlobal
