
Microsoft Visual Studio Solution File, Format Version 12.00
# Visual Studio Version 17
VisualStudioVersion = 17.14.36109.1 d17.14
MinimumVisualStudioVersion = 10.0.40219.1
Project("{FAE04EC0-301F-11D3-BF4B-00C04F79EFBC}") = "Seccion13", "Seccion13\Seccion13.csproj", "{65203DA4-DF8E-4137-B627-502E002DB781}"
EndProject
Global
	GlobalSection(SolutionConfigurationPlatforms) = preSolution
		Debug|Any CPU = Debug|Any CPU
		Release|Any CPU = Release|Any CPU
	EndGlobalSection
	GlobalSection(ProjectConfigurationPlatforms) = postSolution
		{65203DA4-DF8E-4137-B627-502E002DB781}.Debug|Any CPU.ActiveCfg = Debug|Any CPU
		{65203DA4-DF8E-4137-B627-502E002DB781}.Debug|Any CPU.Build.0 = Debug|Any CPU
		{65203DA4-DF8E-4137-B627-502E002DB781}.Release|Any CPU.ActiveCfg = Release|Any CPU
		{65203DA4-DF8E-4137-B627-502E002DB781}.Release|Any CPU.Build.0 = Release|Any CPU
	EndGlobalSection
	GlobalSection(SolutionProperties) = preSolution
		HideSolutionNode = FALSE
	EndGlobalSection
	GlobalSection(ExtensibilityGlobals) = postSolution
		SolutionGuid = {D66B9725-B980-4796-99A4-E22E674CC38E}
	EndGlobalSection
EndGlobal
