
Microsoft Visual Studio Solution File, Format Version 12.00
# Visual Studio Version 17
VisualStudioVersion = 17.14.36109.1 d17.14
MinimumVisualStudioVersion = 10.0.40219.1
Project("{FAE04EC0-301F-11D3-BF4B-00C04F79EFBC}") = "Seccion_11_Archivos", "Seccion_11_Archivos\Seccion_11_Archivos.csproj", "{C69E580D-8C51-4296-A9AD-BF1DBDD33219}"
EndProject
Global
	GlobalSection(SolutionConfigurationPlatforms) = preSolution
		Debug|Any CPU = Debug|Any CPU
		Release|Any CPU = Release|Any CPU
	EndGlobalSection
	GlobalSection(ProjectConfigurationPlatforms) = postSolution
		{C69E580D-8C51-4296-A9AD-BF1DBDD33219}.Debug|Any CPU.ActiveCfg = Debug|Any CPU
		{C69E580D-8C51-4296-A9AD-BF1DBDD33219}.Debug|Any CPU.Build.0 = Debug|Any CPU
		{C69E580D-8C51-4296-A9AD-BF1DBDD33219}.Release|Any CPU.ActiveCfg = Release|Any CPU
		{C69E580D-8C51-4296-A9AD-BF1DBDD33219}.Release|Any CPU.Build.0 = Release|Any CPU
	EndGlobalSection
	GlobalSection(SolutionProperties) = preSolution
		HideSolutionNode = FALSE
	EndGlobalSection
	GlobalSection(ExtensibilityGlobals) = postSolution
		SolutionGuid = {CACD1C33-B38B-4A83-A84F-9ACBE4694751}
	EndGlobalSection
EndGlobal
