
Microsoft Visual Studio Solution File, Format Version 12.00
# Visual Studio Version 17
VisualStudioVersion = 17.14.36109.1 d17.14
MinimumVisualStudioVersion = 10.0.40219.1
Project("{FAE04EC0-301F-11D3-BF4B-00C04F79EFBC}") = "Seccion8Colecciones", "Seccion8Colecciones\Seccion8Colecciones.csproj", "{431BBD60-C07A-4431-B757-1C87DB0CA368}"
EndProject
Global
	GlobalSection(SolutionConfigurationPlatforms) = preSolution
		Debug|Any CPU = Debug|Any CPU
		Release|Any CPU = Release|Any CPU
	EndGlobalSection
	GlobalSection(ProjectConfigurationPlatforms) = postSolution
		{431BBD60-C07A-4431-B757-1C87DB0CA368}.Debug|Any CPU.ActiveCfg = Debug|Any CPU
		{431BBD60-C07A-4431-B757-1C87DB0CA368}.Debug|Any CPU.Build.0 = Debug|Any CPU
		{431BBD60-C07A-4431-B757-1C87DB0CA368}.Release|Any CPU.ActiveCfg = Release|Any CPU
		{431BBD60-C07A-4431-B757-1C87DB0CA368}.Release|Any CPU.Build.0 = Release|Any CPU
	EndGlobalSection
	GlobalSection(SolutionProperties) = preSolution
		HideSolutionNode = FALSE
	EndGlobalSection
	GlobalSection(ExtensibilityGlobals) = postSolution
		SolutionGuid = {1C9A8E09-EC72-4318-87E1-791042D5C3E4}
	EndGlobalSection
EndGlobal
