
Microsoft Visual Studio Solution File, Format Version 12.00
# Visual Studio Version 17
VisualStudioVersion = 17.14.36109.1 d17.14
MinimumVisualStudioVersion = 10.0.40219.1
Project("{FAE04EC0-301F-11D3-BF4B-00C04F79EFBC}") = "Seccion11Directorio", "Seccion11Directorio\Seccion11Directorio.csproj", "{A88240D1-F030-4308-96C4-E14993E41051}"
EndProject
Global
	GlobalSection(SolutionConfigurationPlatforms) = preSolution
		Debug|Any CPU = Debug|Any CPU
		Release|Any CPU = Release|Any CPU
	EndGlobalSection
	GlobalSection(ProjectConfigurationPlatforms) = postSolution
		{A88240D1-F030-4308-96C4-E14993E41051}.Debug|Any CPU.ActiveCfg = Debug|Any CPU
		{A88240D1-F030-4308-96C4-E14993E41051}.Debug|Any CPU.Build.0 = Debug|Any CPU
		{A88240D1-F030-4308-96C4-E14993E41051}.Release|Any CPU.ActiveCfg = Release|Any CPU
		{A88240D1-F030-4308-96C4-E14993E41051}.Release|Any CPU.Build.0 = Release|Any CPU
	EndGlobalSection
	GlobalSection(SolutionProperties) = preSolution
		HideSolutionNode = FALSE
	EndGlobalSection
	GlobalSection(ExtensibilityGlobals) = postSolution
		SolutionGuid = {1B8209DA-6753-4903-A1ED-0336B92C0B64}
	EndGlobalSection
EndGlobal
