
Microsoft Visual Studio Solution File, Format Version 12.00
# Visual Studio Version 17
VisualStudioVersion = 17.14.36109.1 d17.14
MinimumVisualStudioVersion = 10.0.40219.1
Project("{FAE04EC0-301F-11D3-BF4B-00C04F79EFBC}") = "Seccion10TareaParte2", "Seccion10TareaParte2\Seccion10TareaParte2.csproj", "{D05F232D-FC06-4DE7-9662-FB715B0891B2}"
EndProject
Global
	GlobalSection(SolutionConfigurationPlatforms) = preSolution
		Debug|Any CPU = Debug|Any CPU
		Release|Any CPU = Release|Any CPU
	EndGlobalSection
	GlobalSection(ProjectConfigurationPlatforms) = postSolution
		{D05F232D-FC06-4DE7-9662-FB715B0891B2}.Debug|Any CPU.ActiveCfg = Debug|Any CPU
		{D05F232D-FC06-4DE7-9662-FB715B0891B2}.Debug|Any CPU.Build.0 = Debug|Any CPU
		{D05F232D-FC06-4DE7-9662-FB715B0891B2}.Release|Any CPU.ActiveCfg = Release|Any CPU
		{D05F232D-FC06-4DE7-9662-FB715B0891B2}.Release|Any CPU.Build.0 = Release|Any CPU
	EndGlobalSection
	GlobalSection(SolutionProperties) = preSolution
		HideSolutionNode = FALSE
	EndGlobalSection
	GlobalSection(ExtensibilityGlobals) = postSolution
		SolutionGuid = {C703F3F4-1B6D-43E7-BEFB-2F6602248E95}
	EndGlobalSection
EndGlobal
