
Microsoft Visual Studio Solution File, Format Version 12.00
# Visual Studio Version 17
VisualStudioVersion = 17.14.36109.1 d17.14
MinimumVisualStudioVersion = 10.0.40219.1
Project("{FAE04EC0-301F-11D3-BF4B-00C04F79EFBC}") = "Tarea4", "Tarea4\Tarea4.csproj", "{D4762567-9F55-4E77-84F1-A45D76553D2F}"
EndProject
Global
	GlobalSection(SolutionConfigurationPlatforms) = preSolution
		Debug|Any CPU = Debug|Any CPU
		Release|Any CPU = Release|Any CPU
	EndGlobalSection
	GlobalSection(ProjectConfigurationPlatforms) = postSolution
		{D4762567-9F55-4E77-84F1-A45D76553D2F}.Debug|Any CPU.ActiveCfg = Debug|Any CPU
		{D4762567-9F55-4E77-84F1-A45D76553D2F}.Debug|Any CPU.Build.0 = Debug|Any CPU
		{D4762567-9F55-4E77-84F1-A45D76553D2F}.Release|Any CPU.ActiveCfg = Release|Any CPU
		{D4762567-9F55-4E77-84F1-A45D76553D2F}.Release|Any CPU.Build.0 = Release|Any CPU
	EndGlobalSection
	GlobalSection(SolutionProperties) = preSolution
		HideSolutionNode = FALSE
	EndGlobalSection
	GlobalSection(ExtensibilityGlobals) = postSolution
		SolutionGuid = {D3D77398-6396-4385-ADD6-4EB3D26165C3}
	EndGlobalSection
EndGlobal
